
Microsoft Visual Studio Solution File, Format Version 12.00
# Visual Studio Version 17
VisualStudioVersion = 17.7.34221.43
MinimumVisualStudioVersion = 10.0.40219.1
Project("{FAE04EC0-301F-11D3-BF4B-00C04F79EFBC}") = "FeedBackPro", "FeedBackPro\FeedBackPro.csproj", "{58AE3F68-4B23-48A5-A08E-288F18997D50}"
EndProject
Global
	GlobalSection(SolutionConfigurationPlatforms) = preSolution
		Debug|Any CPU = Debug|Any CPU
		Release|Any CPU = Release|Any CPU
	EndGlobalSection
	GlobalSection(ProjectConfigurationPlatforms) = postSolution
		{58AE3F68-4B23-48A5-A08E-288F18997D50}.Debug|Any CPU.ActiveCfg = Debug|Any CPU
		{58AE3F68-4B23-48A5-A08E-288F18997D50}.Debug|Any CPU.Build.0 = Debug|Any CPU
		{58AE3F68-4B23-48A5-A08E-288F18997D50}.Release|Any CPU.ActiveCfg = Release|Any CPU
		{58AE3F68-4B23-48A5-A08E-288F18997D50}.Release|Any CPU.Build.0 = Release|Any CPU
	EndGlobalSection
	GlobalSection(SolutionProperties) = preSolution
		HideSolutionNode = FALSE
	EndGlobalSection
	GlobalSection(ExtensibilityGlobals) = postSolution
		SolutionGuid = {88D7AAE7-435D-447E-9637-D8046BEAFC90}
	EndGlobalSection
EndGlobal
